github.com/dsh2dsh/goxpp/v2 v2.2.0 h1:jFopC8Vlz8D0nczcVkIxdU7jPedLPcSt9yrEKy8g2LI=
github.com/dsh2dsh/goxpp/v2 v2.2.0/go.mod h1:QeGQUoJapyD9AcBaUyGgyIrqyFqy0YoquDjRQciwLIs=
github.com/itlightning/dateparse v0.2.1 h1:AB0NJTyI0HYcerEUMovKZOiQVBg1mBPxgAnWQwzLP6g=
github.com/itlightning/dateparse v0.2.1/go.mod h1:xHlmL8lT0L9JIBlaKotRwsoDYpKJskXpiU9ZwbbSkNA=
github.com/stretchr/testify v1.12.1 h1:EuwCh5fleGS7H32xRwO3wRGT7DxrDhLAT6FF8MpWDWE=
github.com/stretchr/testify v1.12.1/go.mod h1:MDEgiDPPsNp5cuIrHPPCyornHKgEVbtFUmoNlxoYthg=
go.yaml.in/yaml/v3 v3.0.5 h1:N6y/pJk8buWs9NY5ERU2HSMfm+IuD/OtfdAnq6kESPw=
go.yaml.in/yaml/v3 v3.0.5/go.mod h1:HVTZu1O7/Vkt2N+BFy8Zza+lnLsABggaTM2ZpNIGuKg=
golang.org/x/net v0.59.0 h1:5zfYln+w5XCxwrnMMJPufRgNoXEaGxl0wo5GqPXyues=
golang.org/x/net v0.59.0/go.mod h1:2DA/G1UfVbCpQPeWTmMPGY7Cs2PkBkwu743bVX5PIVg=
golang.org/x/sync v0.23.0 h1:KameEIfc1IkluZyXWLn39Wd4tURc6GbCiISGiZm2bQk=
golang.org/x/sync v0.23.0/go.mod h1:sUUOizhqBxiL6pEWpqNLUiaJn1ShEbZ6BBqskPbjZm0=
golang.org/x/text v0.42.0 h1:JbOZXgfeCPU9gacVtYliJqOhD+zhrEqK4LfdpmlUZqI=
golang.org/x/text v0.42.0/go.mod h1:ojzP1Z+2QtioaF8DTtO8K5q7JWVVYwZKenzujK0Zd0E=
